
Microsoft Visual Studio Solution File, Format Version 12.00
# Visual Studio 15
VisualStudioVersion = 15.0.27004.2009
MinimumVisualStudioVersion = 10.0.40219.1
Project("{FAE04EC0-301F-11D3-BF4B-00C04F79EFBC}") = "MapEditor", "MapEditor.csproj", "{D663910D-BDD3-4211-AE89-CFDD155E278A}"
EndProject
Global
	GlobalSection(SolutionConfigurationPlatforms) = preSolution
		Debug|Any CPU = Debug|Any CPU
		Release|Any CPU = Release|Any CPU
	EndGlobalSection
	GlobalSection(ProjectConfigurationPlatforms) = postSolution
		{D663910D-BDD3-4211-AE89-CFDD155E278A}.Debug|Any CPU.ActiveCfg = Debug|Any CPU
		{D663910D-BDD3-4211-AE89-CFDD155E278A}.Debug|Any CPU.Build.0 = Debug|Any CPU
		{D663910D-BDD3-4211-AE89-CFDD155E278A}.Release|Any CPU.ActiveCfg = Release|Any CPU
		{D663910D-BDD3-4211-AE89-CFDD155E278A}.Release|Any CPU.Build.0 = Release|Any CPU
	EndGlobalSection
	GlobalSection(SolutionProperties) = preSolution
		HideSolutionNode = FALSE
	EndGlobalSection
	GlobalSection(ExtensibilityGlobals) = postSolution
		SolutionGuid = {D744DE5B-0A12-4818-AE6A-6C6AEBB91CFF}
	EndGlobalSection
EndGlobal
