
Microsoft Visual Studio Solution File, Format Version 12.00
# Visual Studio 15
VisualStudioVersion = 15.0.27004.2002
MinimumVisualStudioVersion = 10.0.40219.1
Project("{FAE04EC0-301F-11D3-BF4B-00C04F79EFBC}") = "Habitat", "Habitat\Habitat.csproj", "{938AF04D-21CF-4464-A366-43AE05CBD066}"
EndProject
Project("{FAE04EC0-301F-11D3-BF4B-00C04F79EFBC}") = "Otter", "Otter\Otter\Otter.csproj", "{236485C2-A7BA-4DCD-808A-B3A634764402}"
EndProject
Global
	GlobalSection(SolutionConfigurationPlatforms) = preSolution
		Debug|x64 = Debug|x64
		Debug|x86 = Debug|x86
		NuGet|x64 = NuGet|x64
		NuGet|x86 = NuGet|x86
		Release|x64 = Release|x64
		Release|x86 = Release|x86
	EndGlobalSection
	GlobalSection(ProjectConfigurationPlatforms) = postSolution
		{938AF04D-21CF-4464-A366-43AE05CBD066}.Debug|x64.ActiveCfg = Debug|x64
		{938AF04D-21CF-4464-A366-43AE05CBD066}.Debug|x64.Build.0 = Debug|x64
		{938AF04D-21CF-4464-A366-43AE05CBD066}.Debug|x86.ActiveCfg = Debug|Any CPU
		{938AF04D-21CF-4464-A366-43AE05CBD066}.Debug|x86.Build.0 = Debug|Any CPU
		{938AF04D-21CF-4464-A366-43AE05CBD066}.NuGet|x64.ActiveCfg = Release|x64
		{938AF04D-21CF-4464-A366-43AE05CBD066}.NuGet|x64.Build.0 = Release|x64
		{938AF04D-21CF-4464-A366-43AE05CBD066}.NuGet|x86.ActiveCfg = Release|Any CPU
		{938AF04D-21CF-4464-A366-43AE05CBD066}.NuGet|x86.Build.0 = Release|Any CPU
		{938AF04D-21CF-4464-A366-43AE05CBD066}.Release|x64.ActiveCfg = Release|x64
		{938AF04D-21CF-4464-A366-43AE05CBD066}.Release|x64.Build.0 = Release|x64
		{938AF04D-21CF-4464-A366-43AE05CBD066}.Release|x86.ActiveCfg = Release|Any CPU
		{938AF04D-21CF-4464-A366-43AE05CBD066}.Release|x86.Build.0 = Release|Any CPU
		{236485C2-A7BA-4DCD-808A-B3A634764402}.Debug|x64.ActiveCfg = Debug|x86
		{236485C2-A7BA-4DCD-808A-B3A634764402}.Debug|x86.ActiveCfg = Debug|x86
		{236485C2-A7BA-4DCD-808A-B3A634764402}.Debug|x86.Build.0 = Debug|x86
		{236485C2-A7BA-4DCD-808A-B3A634764402}.NuGet|x64.ActiveCfg = NuGet|x86
		{236485C2-A7BA-4DCD-808A-B3A634764402}.NuGet|x86.ActiveCfg = NuGet|x86
		{236485C2-A7BA-4DCD-808A-B3A634764402}.NuGet|x86.Build.0 = NuGet|x86
		{236485C2-A7BA-4DCD-808A-B3A634764402}.Release|x64.ActiveCfg = Release|x86
		{236485C2-A7BA-4DCD-808A-B3A634764402}.Release|x86.ActiveCfg = Release|x86
		{236485C2-A7BA-4DCD-808A-B3A634764402}.Release|x86.Build.0 = Release|x86
	EndGlobalSection
	GlobalSection(SolutionProperties) = preSolution
		HideSolutionNode = FALSE
	EndGlobalSection
	GlobalSection(ExtensibilityGlobals) = postSolution
		SolutionGuid = {AAD6CC12-8F82-44A7-8532-B47547FB0232}
	EndGlobalSection
EndGlobal
